
Microsoft Visual Studio Solution File, Format Version 12.00
# Visual Studio Version 16
VisualStudioVersion = 16.0.30711.63
MinimumVisualStudioVersion = 10.0.40219.1
Project("{FAE04EC0-301F-11D3-BF4B-00C04F79EFBC}") = "PydtOldWorld", "PydtOldWorld.csproj", "{AC682CFA-2D67-44D3-A757-49975100DD6D}"
EndProject
Global
	GlobalSection(SolutionConfigurationPlatforms) = preSolution
		Debug|Any CPU = Debug|Any CPU
		Release|Any CPU = Release|Any CPU
	EndGlobalSection
	GlobalSection(ProjectConfigurationPlatforms) = postSolution
		{AC682CFA-2D67-44D3-A757-49975100DD6D}.Debug|Any CPU.ActiveCfg = Debug|Any CPU
		{AC682CFA-2D67-44D3-A757-49975100DD6D}.Debug|Any CPU.Build.0 = Debug|Any CPU
		{AC682CFA-2D67-44D3-A757-49975100DD6D}.Release|Any CPU.ActiveCfg = Release|Any CPU
		{AC682CFA-2D67-44D3-A757-49975100DD6D}.Release|Any CPU.Build.0 = Release|Any CPU
	EndGlobalSection
	GlobalSection(SolutionProperties) = preSolution
		HideSolutionNode = FALSE
	EndGlobalSection
	GlobalSection(ExtensibilityGlobals) = postSolution
		SolutionGuid = {ADC5635C-5CE1-4D3A-ADBF-3931F0A8FC5C}
	EndGlobalSection
EndGlobal
